{
  "name": "stroop",
  "version": "0.0.0",
  "lockfileVersion": 3,
  "requires": true,
  "packages": {
    "": {
      "name": "stroop",
      "version": "0.0.0",
      "license": "MIT",
      "dependencies": {
        "ziko": "^0.46.1"
      }
    },
    "node_modules/ziko": {
      "version": "0.46.1",
      "resolved": "https://registry.npmjs.org/ziko/-/ziko-0.46.1.tgz",
      "integrity": "sha512-2W+KpAIsl15W3gqlDPUEbdrTTs7G3PYRCSkjr2kLASManfO4FIt+aiG9Hcx3EmrCPjzgFr55EoCIKDqL6613Ow==",
      "license": "MIT",
      "bin": {
        "create-ziko-app": "starter/bin/index.js"
      }
    }
  }
}
